
Microsoft Visual Studio Solution File, Format Version 12.00
# Visual Studio Version 17
VisualStudioVersion = 17.4.33213.308
MinimumVisualStudioVersion = 10.0.40219.1
Project("{FAE04EC0-301F-11D3-BF4B-00C04F79EFBC}") = "Homework6.19.Web", "Homework6.19.Web\Homework6.19.Web.csproj", "{8ED9BBDF-ED51-4299-8842-473EC637E18D}"
EndProject
Project("{FAE04EC0-301F-11D3-BF4B-00C04F79EFBC}") = "Homework6.19.Data", "Homework6.19.Data\Homework6.19.Data.csproj", "{A815F527-99E4-4551-BB29-8DBC6F093CC6}"
EndProject
Global
	GlobalSection(SolutionConfigurationPlatforms) = preSolution
		Debug|Any CPU = Debug|Any CPU
		Release|Any CPU = Release|Any CPU
	EndGlobalSection
	GlobalSection(ProjectConfigurationPlatforms) = postSolution
		{8ED9BBDF-ED51-4299-8842-473EC637E18D}.Debug|Any CPU.ActiveCfg = Debug|Any CPU
		{8ED9BBDF-ED51-4299-8842-473EC637E18D}.Debug|Any CPU.Build.0 = Debug|Any CPU
		{8ED9BBDF-ED51-4299-8842-473EC637E18D}.Release|Any CPU.ActiveCfg = Release|Any CPU
		{8ED9BBDF-ED51-4299-8842-473EC637E18D}.Release|Any CPU.Build.0 = Release|Any CPU
		{A815F527-99E4-4551-BB29-8DBC6F093CC6}.Debug|Any CPU.ActiveCfg = Debug|Any CPU
		{A815F527-99E4-4551-BB29-8DBC6F093CC6}.Debug|Any CPU.Build.0 = Debug|Any CPU
		{A815F527-99E4-4551-BB29-8DBC6F093CC6}.Release|Any CPU.ActiveCfg = Release|Any CPU
		{A815F527-99E4-4551-BB29-8DBC6F093CC6}.Release|Any CPU.Build.0 = Release|Any CPU
	EndGlobalSection
	GlobalSection(SolutionProperties) = preSolution
		HideSolutionNode = FALSE
	EndGlobalSection
	GlobalSection(ExtensibilityGlobals) = postSolution
		SolutionGuid = {24EC8C63-C4F6-46F1-BD36-777427506086}
	EndGlobalSection
EndGlobal
